
Microsoft Visual Studio Solution File, Format Version 12.00
# Visual Studio Version 16
VisualStudioVersion = 16.0.30717.126
MinimumVisualStudioVersion = 10.0.40219.1
Project("{9A19103F-16F7-4668-BE54-9A1E7A4F7556}") = "DynamicController", "DynamicController\DynamicController.csproj", "{9428AFB9-1893-4DDE-8728-EEF72824A942}"
EndProject
Project("{9A19103F-16F7-4668-BE54-9A1E7A4F7556}") = "Dynamic.Services", "Dynamic.Services\Dynamic.Services.csproj", "{0A0A8C8C-CB5D-4FD2-A8CA-28D201006398}"
EndProject
Project("{9092AA53-FB77-4645-B42D-1CCCA6BD08BD}") = "VuejsApp1", "VuejsApp1\VuejsApp1.njsproj", "{DF067299-5331-4966-9C45-7CCF420BA642}"
EndProject
Global
	GlobalSection(SolutionConfigurationPlatforms) = preSolution
		Debug|Any CPU = Debug|Any CPU
		Release|Any CPU = Release|Any CPU
	EndGlobalSection
	GlobalSection(ProjectConfigurationPlatforms) = postSolution
		{9428AFB9-1893-4DDE-8728-EEF72824A942}.Debug|Any CPU.ActiveCfg = Debug|Any CPU
		{9428AFB9-1893-4DDE-8728-EEF72824A942}.Debug|Any CPU.Build.0 = Debug|Any CPU
		{9428AFB9-1893-4DDE-8728-EEF72824A942}.Release|Any CPU.ActiveCfg = Release|Any CPU
		{9428AFB9-1893-4DDE-8728-EEF72824A942}.Release|Any CPU.Build.0 = Release|Any CPU
		{0A0A8C8C-CB5D-4FD2-A8CA-28D201006398}.Debug|Any CPU.ActiveCfg = Debug|Any CPU
		{0A0A8C8C-CB5D-4FD2-A8CA-28D201006398}.Debug|Any CPU.Build.0 = Debug|Any CPU
		{0A0A8C8C-CB5D-4FD2-A8CA-28D201006398}.Release|Any CPU.ActiveCfg = Release|Any CPU
		{0A0A8C8C-CB5D-4FD2-A8CA-28D201006398}.Release|Any CPU.Build.0 = Release|Any CPU
		{DF067299-5331-4966-9C45-7CCF420BA642}.Debug|Any CPU.ActiveCfg = Debug|Any CPU
		{DF067299-5331-4966-9C45-7CCF420BA642}.Debug|Any CPU.Build.0 = Debug|Any CPU
		{DF067299-5331-4966-9C45-7CCF420BA642}.Release|Any CPU.ActiveCfg = Release|Any CPU
		{DF067299-5331-4966-9C45-7CCF420BA642}.Release|Any CPU.Build.0 = Release|Any CPU
	EndGlobalSection
	GlobalSection(SolutionProperties) = preSolution
		HideSolutionNode = FALSE
	EndGlobalSection
	GlobalSection(ExtensibilityGlobals) = postSolution
		SolutionGuid = {D3AA0AD8-A592-4245-8BF1-5C3E813A8A16}
	EndGlobalSection
EndGlobal
